
Microsoft Visual Studio Solution File, Format Version 12.00
# Visual Studio Version 17
VisualStudioVersion = 17.8.34330.188
MinimumVisualStudioVersion = 10.0.40219.1
Project("{FAE04EC0-301F-11D3-BF4B-00C04F79EFBC}") = "SuperMarketApplication", "SuperMarketApplication\SuperMarketApplication.csproj", "{50CBD6E1-0722-47BE-A4EF-667FDDDAF954}"
EndProject
Global
	GlobalSection(SolutionConfigurationPlatforms) = preSolution
		Debug|Any CPU = Debug|Any CPU
		Release|Any CPU = Release|Any CPU
	EndGlobalSection
	GlobalSection(ProjectConfigurationPlatforms) = postSolution
		{50CBD6E1-0722-47BE-A4EF-667FDDDAF954}.Debug|Any CPU.ActiveCfg = Debug|Any CPU
		{50CBD6E1-0722-47BE-A4EF-667FDDDAF954}.Debug|Any CPU.Build.0 = Debug|Any CPU
		{50CBD6E1-0722-47BE-A4EF-667FDDDAF954}.Release|Any CPU.ActiveCfg = Release|Any CPU
		{50CBD6E1-0722-47BE-A4EF-667FDDDAF954}.Release|Any CPU.Build.0 = Release|Any CPU
	EndGlobalSection
	GlobalSection(SolutionProperties) = preSolution
		HideSolutionNode = FALSE
	EndGlobalSection
	GlobalSection(ExtensibilityGlobals) = postSolution
		SolutionGuid = {F921B06F-3912-428A-B4E0-1165EEB12309}
	EndGlobalSection
EndGlobal
